// !$*UTF8*$!
{
	archiveVersion = 1;
	classes = {
	};
	objectVersion = 46;
	objects = {

/* Begin PBXBuildFile section */
		2F6B19E91B0E02DF00164E73 /* mini-gmp.c in Sources */ = {isa = PBXBuildFile; fileRef = 2F6B19E71B0E02DF00164E73 /* mini-gmp.c */; };
		2F9292911B0BB45F00C9F93D /* BigNumbers.swift in Sources */ = {isa = PBXBuildFile; fileRef = 2F9292901B0BB45F00C9F93D /* BigNumbers.swift */; };
		474808801B0A09AA008510D0 /* Equations.swift in Sources */ = {isa = PBXBuildFile; fileRef = 4748087F1B0A09AA008510D0 /* Equations.swift */; };
		47A29A391B08E3F6000A7C87 /* AppDelegate.swift in Sources */ = {isa = PBXBuildFile; fileRef = 47A29A381B08E3F6000A7C87 /* AppDelegate.swift */; };
		47A29A3B1B08E3F6000A7C87 /* ViewController.swift in Sources */ = {isa = PBXBuildFile; fileRef = 47A29A3A1B08E3F6000A7C87 /* ViewController.swift */; };
		47A29A3E1B08E3F6000A7C87 /* Main.storyboard in Resources */ = {isa = PBXBuildFile; fileRef = 47A29A3C1B08E3F6000A7C87 /* Main.storyboard */; };
		47A29A401B08E3F6000A7C87 /* Images.xcassets in Resources */ = {isa = PBXBuildFile; fileRef = 47A29A3F1B08E3F6000A7C87 /* Images.xcassets */; };
		47A29A431B08E3F6000A7C87 /* LaunchScreen.xib in Resources */ = {isa = PBXBuildFile; fileRef = 47A29A411B08E3F6000A7C87 /* LaunchScreen.xib */; };
		47A29A4F1B08E3F6000A7C87 /* TestEngineerMathTests.swift in Sources */ = {isa = PBXBuildFile; fileRef = 47A29A4E1B08E3F6000A7C87 /* TestEngineerMathTests.swift */; };
		47A29A591B08E417000A7C87 /* MatrixVector.swift in Sources */ = {isa = PBXBuildFile; fileRef = 47A29A581B08E417000A7C87 /* MatrixVector.swift */; };
		47A4C2231B0C9AB2009C8FD8 /* complex.swift in Sources */ = {isa = PBXBuildFile; fileRef = 47A4C2221B0C9AB2009C8FD8 /* complex.swift */; };
/* End PBXBuildFile section */

/* Begin PBXContainerItemProxy section */
		47A29A491B08E3F6000A7C87 /* PBXContainerItemProxy */ = {
			isa = PBXContainerItemProxy;
			containerPortal = 47A29A2B1B08E3F6000A7C87 /* Project object */;
			proxyType = 1;
			remoteGlobalIDString = 47A29A321B08E3F6000A7C87;
			remoteInfo = TestEngineerMath;
		};
/* End PBXContainerItemProxy section */

/* Begin PBXFileReference section */
		2F12C2051B0D2752001F008C /* TestEngineerMath-Bridging-Header.h */ = {isa = PBXFileReference; lastKnownFileType = sourcecode.c.h; path = "TestEngineerMath-Bridging-Header.h"; sourceTree = "<group>"; };
		2F6B19E71B0E02DF00164E73 /* mini-gmp.c */ = {isa = PBXFileReference; fileEncoding = 4; lastKnownFileType = sourcecode.c.c; path = "mini-gmp.c"; sourceTree = "<group>"; };
		2F6B19E81B0E02DF00164E73 /* mini-gmp.h */ = {isa = PBXFileReference; fileEncoding = 4; lastKnownFileType = sourcecode.c.h; path = "mini-gmp.h"; sourceTree = "<group>"; };
		2F9292901B0BB45F00C9F93D /* BigNumbers.swift */ = {isa = PBXFileReference; fileEncoding = 4; lastKnownFileType = sourcecode.swift; path = BigNumbers.swift; sourceTree = "<group>"; };
		4748087F1B0A09AA008510D0 /* Equations.swift */ = {isa = PBXFileReference; fileEncoding = 4; lastKnownFileType = sourcecode.swift; path = Equations.swift; sourceTree = "<group>"; };
		47A29A331B08E3F6000A7C87 /* TestEngineerMath.app */ = {isa = PBXFileReference; explicitFileType = wrapper.application; includeInIndex = 0; path = TestEngineerMath.app; sourceTree = BUILT_PRODUCTS_DIR; };
		47A29A371B08E3F6000A7C87 /* Info.plist */ = {isa = PBXFileReference; lastKnownFileType = text.plist.xml; path = Info.plist; sourceTree = "<group>"; };
		47A29A381B08E3F6000A7C87 /* AppDelegate.swift */ = {isa = PBXFileReference; lastKnownFileType = sourcecode.swift; path = AppDelegate.swift; sourceTree = "<group>"; };
		47A29A3A1B08E3F6000A7C87 /* ViewController.swift */ = {isa = PBXFileReference; lastKnownFileType = sourcecode.swift; path = ViewController.swift; sourceTree = "<group>"; };
		47A29A3D1B08E3F6000A7C87 /* Base */ = {isa = PBXFileReference; lastKnownFileType = file.storyboard; name = Base; path = Base.lproj/Main.storyboard; sourceTree = "<group>"; };
		47A29A3F1B08E3F6000A7C87 /* Images.xcassets */ = {isa = PBXFileReference; lastKnownFileType = folder.assetcatalog; path = Images.xcassets; sourceTree = "<group>"; };
		47A29A421B08E3F6000A7C87 /* Base */ = {isa = PBXFileReference; lastKnownFileType = file.xib; name = Base; path = Base.lproj/LaunchScreen.xib; sourceTree = "<group>"; };
		47A29A481B08E3F6000A7C87 /* TestEngineerMathTests.xctest */ = {isa = PBXFileReference; explicitFileType = wrapper.cfbundle; includeInIndex = 0; path = TestEngineerMathTests.xctest; sourceTree = BUILT_PRODUCTS_DIR; };
		47A29A4D1B08E3F6000A7C87 /* Info.plist */ = {isa = PBXFileReference; lastKnownFileType = text.plist.xml; path = Info.plist; sourceTree = "<group>"; };
		47A29A4E1B08E3F6000A7C87 /* TestEngineerMathTests.swift */ = {isa = PBXFileReference; lastKnownFileType = sourcecode.swift; path = TestEngineerMathTests.swift; sourceTree = "<group>"; };
		47A29A581B08E417000A7C87 /* MatrixVector.swift */ = {isa = PBXFileReference; fileEncoding = 4; lastKnownFileType = sourcecode.swift; path = MatrixVector.swift; sourceTree = "<group>"; };
		47A4C2221B0C9AB2009C8FD8 /* complex.swift */ = {isa = PBXFileReference; fileEncoding = 4; lastKnownFileType = sourcecode.swift; path = complex.swift; sourceTree = "<group>"; };
/* End PBXFileReference section */

/* Begin PBXFrameworksBuildPhase section */
		47A29A301B08E3F6000A7C87 /* Frameworks */ = {
			isa = PBXFrameworksBuildPhase;
			buildActionMask = 2147483647;
			files = (
			);
			runOnlyForDeploymentPostprocessing = 0;
		};
		47A29A451B08E3F6000A7C87 /* Frameworks */ = {
			isa = PBXFrameworksBuildPhase;
			buildActionMask = 2147483647;
			files = (
			);
			runOnlyForDeploymentPostprocessing = 0;
		};
/* End PBXFrameworksBuildPhase section */

/* Begin PBXGroup section */
		47A29A2A1B08E3F6000A7C87 = {
			isa = PBXGroup;
			children = (
				47A29A351B08E3F6000A7C87 /* TestEngineerMath */,
				47A29A4B1B08E3F6000A7C87 /* TestEngineerMathTests */,
				47A29A341B08E3F6000A7C87 /* Products */,
			);
			sourceTree = "<group>";
		};
		47A29A341B08E3F6000A7C87 /* Products */ = {
			isa = PBXGroup;
			children = (
				47A29A331B08E3F6000A7C87 /* TestEngineerMath.app */,
				47A29A481B08E3F6000A7C87 /* TestEngineerMathTests.xctest */,
			);
			name = Products;
			sourceTree = "<group>";
		};
		47A29A351B08E3F6000A7C87 /* TestEngineerMath */ = {
			isa = PBXGroup;
			children = (
				47A29A381B08E3F6000A7C87 /* AppDelegate.swift */,
				47A29A3A1B08E3F6000A7C87 /* ViewController.swift */,
				47A29A3C1B08E3F6000A7C87 /* Main.storyboard */,
				47A29A3F1B08E3F6000A7C87 /* Images.xcassets */,
				47A29A411B08E3F6000A7C87 /* LaunchScreen.xib */,
				47A29A361B08E3F6000A7C87 /* Supporting Files */,
				47A29A581B08E417000A7C87 /* MatrixVector.swift */,
				4748087F1B0A09AA008510D0 /* Equations.swift */,
				2F9292901B0BB45F00C9F93D /* BigNumbers.swift */,
				47A4C2221B0C9AB2009C8FD8 /* complex.swift */,
				2F6B19E71B0E02DF00164E73 /* mini-gmp.c */,
				2F6B19E81B0E02DF00164E73 /* mini-gmp.h */,
				2F12C2051B0D2752001F008C /* TestEngineerMath-Bridging-Header.h */,
			);
			path = TestEngineerMath;
			sourceTree = "<group>";
		};
		47A29A361B08E3F6000A7C87 /* Supporting Files */ = {
			isa = PBXGroup;
			children = (
				47A29A371B08E3F6000A7C87 /* Info.plist */,
			);
			name = "Supporting Files";
			sourceTree = "<group>";
		};
		47A29A4B1B08E3F6000A7C87 /* TestEngineerMathTests */ = {
			isa = PBXGroup;
			children = (
				47A29A4E1B08E3F6000A7C87 /* TestEngineerMathTests.swift */,
				47A29A4C1B08E3F6000A7C87 /* Supporting Files */,
			);
			path = TestEngineerMathTests;
			sourceTree = "<group>";
		};
		47A29A4C1B08E3F6000A7C87 /* Supporting Files */ = {
			isa = PBXGroup;
			children = (
				47A29A4D1B08E3F6000A7C87 /* Info.plist */,
			);
			name = "Supporting Files";
			sourceTree = "<group>";
		};
/* End PBXGroup section */

/* Begin PBXNativeTarget section */
		47A29A321B08E3F6000A7C87 /* TestEngineerMath */ = {
			isa = PBXNativeTarget;
			buildConfigurationList = 47A29A521B08E3F6000A7C87 /* Build configuration list for PBXNativeTarget "TestEngineerMath" */;
			buildPhases = (
				47A29A2F1B08E3F6000A7C87 /* Sources */,
				47A29A301B08E3F6000A7C87 /* Frameworks */,
				47A29A311B08E3F6000A7C87 /* Resources */,
			);
			buildRules = (
			);
			dependencies = (
			);
			name = TestEngineerMath;
			productName = TestEngineerMath;
			productReference = 47A29A331B08E3F6000A7C87 /* TestEngineerMath.app */;
			productType = "com.apple.product-type.application";
		};
		47A29A471B08E3F6000A7C87 /* TestEngineerMathTests */ = {
			isa = PBXNativeTarget;
			buildConfigurationList = 47A29A551B08E3F6000A7C87 /* Build configuration list for PBXNativeTarget "TestEngineerMathTests" */;
			buildPhases = (
				47A29A441B08E3F6000A7C87 /* Sources */,
				47A29A451B08E3F6000A7C87 /* Frameworks */,
				47A29A461B08E3F6000A7C87 /* Resources */,
			);
			buildRules = (
			);
			dependencies = (
				47A29A4A1B08E3F6000A7C87 /* PBXTargetDependency */,
			);
			name = TestEngineerMathTests;
			productName = TestEngineerMathTests;
			productReference = 47A29A481B08E3F6000A7C87 /* TestEngineerMathTests.xctest */;
			productType = "com.apple.product-type.bundle.unit-test";
		};
/* End PBXNativeTarget section */

/* Begin PBXProject section */
		47A29A2B1B08E3F6000A7C87 /* Project object */ = {
			isa = PBXProject;
			attributes = {
				LastUpgradeCheck = 0630;
				ORGANIZATIONNAME = "Computer Inspirations";
				TargetAttributes = {
					47A29A321B08E3F6000A7C87 = {
						CreatedOnToolsVersion = 6.3.1;
					};
					47A29A471B08E3F6000A7C87 = {
						CreatedOnToolsVersion = 6.3.1;
						TestTargetID = 47A29A321B08E3F6000A7C87;
					};
				};
			};
			buildConfigurationList = 47A29A2E1B08E3F6000A7C87 /* Build configuration list for PBXProject "TestEngineerMath" */;
			compatibilityVersion = "Xcode 3.2";
			developmentRegion = English;
			hasScannedForEncodings = 0;
			knownRegions = (
				en,
				Base,
			);
			mainGroup = 47A29A2A1B08E3F6000A7C87;
			productRefGroup = 47A29A341B08E3F6000A7C87 /* Products */;
			projectDirPath = "";
			projectRoot = "";
			targets = (
				47A29A321B08E3F6000A7C87 /* TestEngineerMath */,
				47A29A471B08E3F6000A7C87 /* TestEngineerMathTests */,
			);
		};
/* End PBXProject section */

/* Begin PBXResourcesBuildPhase section */
		47A29A311B08E3F6000A7C87 /* Resources */ = {
			isa = PBXResourcesBuildPhase;
			buildActionMask = 2147483647;
			files = (
				47A29A3E1B08E3F6000A7C87 /* Main.storyboard in Resources */,
				47A29A431B08E3F6000A7C87 /* LaunchScreen.xib in Resources */,
				47A29A401B08E3F6000A7C87 /* Images.xcassets in Resources */,
			);
			runOnlyForDeploymentPostprocessing = 0;
		};
		47A29A461B08E3F6000A7C87 /* Resources */ = {
			isa = PBXResourcesBuildPhase;
			buildActionMask = 2147483647;
			files = (
			);
			runOnlyForDeploymentPostprocessing = 0;
		};
/* End PBXResourcesBuildPhase section */

/* Begin PBXSourcesBuildPhase section */
		47A29A2F1B08E3F6000A7C87 /* Sources */ = {
			isa = PBXSourcesBuildPhase;
			buildActionMask = 2147483647;
			files = (
				47A4C2231B0C9AB2009C8FD8 /* complex.swift in Sources */,
				47A29A3B1B08E3F6000A7C87 /* ViewController.swift in Sources */,
				47A29A391B08E3F6000A7C87 /* AppDelegate.swift in Sources */,
				2F9292911B0BB45F00C9F93D /* BigNumbers.swift in Sources */,
				47A29A591B08E417000A7C87 /* MatrixVector.swift in Sources */,
				474808801B0A09AA008510D0 /* Equations.swift in Sources */,
				2F6B19E91B0E02DF00164E73 /* mini-gmp.c in Sources */,
			);
			runOnlyForDeploymentPostprocessing = 0;
		};
		47A29A441B08E3F6000A7C87 /* Sources */ = {
			isa = PBXSourcesBuildPhase;
			buildActionMask = 2147483647;
			files = (
				47A29A4F1B08E3F6000A7C87 /* TestEngineerMathTests.swift in Sources */,
			);
			runOnlyForDeploymentPostprocessing = 0;
		};
/* End PBXSourcesBuildPhase section */

/* Begin PBXTargetDependency section */
		47A29A4A1B08E3F6000A7C87 /* PBXTargetDependency */ = {
			isa = PBXTargetDependency;
			target = 47A29A321B08E3F6000A7C87 /* TestEngineerMath */;
			targetProxy = 47A29A491B08E3F6000A7C87 /* PBXContainerItemProxy */;
		};
/* End PBXTargetDependency section */

/* Begin PBXVariantGroup section */
		47A29A3C1B08E3F6000A7C87 /* Main.storyboard */ = {
			isa = PBXVariantGroup;
			children = (
				47A29A3D1B08E3F6000A7C87 /* Base */,
			);
			name = Main.storyboard;
			sourceTree = "<group>";
		};
		47A29A411B08E3F6000A7C87 /* LaunchScreen.xib */ = {
			isa = PBXVariantGroup;
			children = (
				47A29A421B08E3F6000A7C87 /* Base */,
			);
			name = LaunchScreen.xib;
			sourceTree = "<group>";
		};
/* End PBXVariantGroup section */

/* Begin XCBuildConfiguration section */
		47A29A501B08E3F6000A7C87 /* Debug */ = {
			isa = XCBuildConfiguration;
			buildSettings = {
				ALWAYS_SEARCH_USER_PATHS = NO;
				CLANG_CXX_LANGUAGE_STANDARD = "gnu++0x";
				CLANG_CXX_LIBRARY = "libc++";
				CLANG_ENABLE_MODULES = YES;
				CLANG_ENABLE_OBJC_ARC = YES;
				CLANG_WARN_BOOL_CONVERSION = YES;
				CLANG_WARN_CONSTANT_CONVERSION = YES;
				CLANG_WARN_DIRECT_OBJC_ISA_USAGE = YES_ERROR;
				CLANG_WARN_EMPTY_BODY = YES;
				CLANG_WARN_ENUM_CONVERSION = YES;
				CLANG_WARN_INT_CONVERSION = YES;
				CLANG_WARN_OBJC_ROOT_CLASS = YES_ERROR;
				CLANG_WARN_UNREACHABLE_CODE = YES;
				CLANG_WARN__DUPLICATE_METHOD_MATCH = YES;
				"CODE_SIGN_IDENTITY[sdk=iphoneos*]" = "iPhone Developer";
				COPY_PHASE_STRIP = NO;
				DEBUG_INFORMATION_FORMAT = "dwarf-with-dsym";
				ENABLE_STRICT_OBJC_MSGSEND = YES;
				GCC_C_LANGUAGE_STANDARD = gnu99;
				GCC_DYNAMIC_NO_PIC = NO;
				GCC_NO_COMMON_BLOCKS = YES;
				GCC_OPTIMIZATION_LEVEL = 0;
				GCC_PREPROCESSOR_DEFINITIONS = (
					"DEBUG=1",
					"$(inherited)",
				);
				GCC_SYMBOLS_PRIVATE_EXTERN = NO;
				GCC_WARN_64_TO_32_BIT_CONVERSION = YES;
				GCC_WARN_ABOUT_RETURN_TYPE = YES_ERROR;
				GCC_WARN_UNDECLARED_SELECTOR = YES;
				GCC_WARN_UNINITIALIZED_AUTOS = YES_AGGRESSIVE;
				GCC_WARN_UNUSED_FUNCTION = YES;
				GCC_WARN_UNUSED_VARIABLE = YES;
				IPHONEOS_DEPLOYMENT_TARGET = 8.3;
				MTL_ENABLE_DEBUG_INFO = YES;
				ONLY_ACTIVE_ARCH = YES;
				SDKROOT = iphoneos;
				SWIFT_OPTIMIZATION_LEVEL = "-Onone";
				TARGETED_DEVICE_FAMILY = "1,2";
			};
			name = Debug;
		};
		47A29A511B08E3F6000A7C87 /* Release */ = {
			isa = XCBuildConfiguration;
			buildSettings = {
				ALWAYS_SEARCH_USER_PATHS = NO;
				CLANG_CXX_LANGUAGE_STANDARD = "gnu++0x";
				CLANG_CXX_LIBRARY = "libc++";
				CLANG_ENABLE_MODULES = YES;
				CLANG_ENABLE_OBJC_ARC = YES;
				CLANG_WARN_BOOL_CONVERSION = YES;
				CLANG_WARN_CONSTANT_CONVERSION = YES;
				CLANG_WARN_DIRECT_OBJC_ISA_USAGE = YES_ERROR;
				CLANG_WARN_EMPTY_BODY = YES;
				CLANG_WARN_ENUM_CONVERSION = YES;
				CLANG_WARN_INT_CONVERSION = YES;
				CLANG_WARN_OBJC_ROOT_CLASS = YES_ERROR;
				CLANG_WARN_UNREACHABLE_CODE = YES;
				CLANG_WARN__DUPLICATE_METHOD_MATCH = YES;
				"CODE_SIGN_IDENTITY[sdk=iphoneos*]" = "iPhone Developer";
				COPY_PHASE_STRIP = NO;
				DEBUG_INFORMATION_FORMAT = "dwarf-with-dsym";
				ENABLE_NS_ASSERTIONS = NO;
				ENABLE_STRICT_OBJC_MSGSEND = YES;
				GCC_C_LANGUAGE_STANDARD = gnu99;
				GCC_NO_COMMON_BLOCKS = YES;
				GCC_WARN_64_TO_32_BIT_CONVERSION = YES;
				GCC_WARN_ABOUT_RETURN_TYPE = YES_ERROR;
				GCC_WARN_UNDECLARED_SELECTOR = YES;
				GCC_WARN_UNINITIALIZED_AUTOS = YES_AGGRESSIVE;
				GCC_WARN_UNUSED_FUNCTION = YES;
				GCC_WARN_UNUSED_VARIABLE = YES;
				IPHONEOS_DEPLOYMENT_TARGET = 8.3;
				MTL_ENABLE_DEBUG_INFO = NO;
				SDKROOT = iphoneos;
				TARGETED_DEVICE_FAMILY = "1,2";
				VALIDATE_PRODUCT = YES;
			};
			name = Release;
		};
		47A29A531B08E3F6000A7C87 /* Debug */ = {
			isa = XCBuildConfiguration;
			buildSettings = {
				ASSETCATALOG_COMPILER_APPICON_NAME = AppIcon;
				CLANG_CXX_LANGUAGE_STANDARD = "gnu++0x";
				CLANG_CXX_LIBRARY = "libstdc++";
				CLANG_ENABLE_MODULES = YES;
				INFOPLIST_FILE = TestEngineerMath/Info.plist;
				LD_RUNPATH_SEARCH_PATHS = "$(inherited) @executable_path/Frameworks";
				PRODUCT_NAME = "$(TARGET_NAME)";
				SWIFT_OBJC_BRIDGING_HEADER = "TestEngineerMath/TestEngineerMath-Bridging-Header.h";
				SWIFT_OPTIMIZATION_LEVEL = "-Onone";
			};
			name = Debug;
		};
		47A29A541B08E3F6000A7C87 /* Release */ = {
			isa = XCBuildConfiguration;
			buildSettings = {
				ASSETCATALOG_COMPILER_APPICON_NAME = AppIcon;
				CLANG_CXX_LANGUAGE_STANDARD = "gnu++0x";
				CLANG_CXX_LIBRARY = "libstdc++";
				CLANG_ENABLE_MODULES = YES;
				INFOPLIST_FILE = TestEngineerMath/Info.plist;
				LD_RUNPATH_SEARCH_PATHS = "$(inherited) @executable_path/Frameworks";
				PRODUCT_NAME = "$(TARGET_NAME)";
				SWIFT_OBJC_BRIDGING_HEADER = "TestEngineerMath/TestEngineerMath-Bridging-Header.h";
			};
			name = Release;
		};
		47A29A561B08E3F6000A7C87 /* Debug */ = {
			isa = XCBuildConfiguration;
			buildSettings = {
				BUNDLE_LOADER = "$(TEST_HOST)";
				FRAMEWORK_SEARCH_PATHS = (
					"$(SDKROOT)/Developer/Library/Frameworks",
					"$(inherited)",
				);
				GCC_PREPROCESSOR_DEFINITIONS = (
					"DEBUG=1",
					"$(inherited)",
				);
				INFOPLIST_FILE = TestEngineerMathTests/Info.plist;
				LD_RUNPATH_SEARCH_PATHS = "$(inherited) @executable_path/Frameworks @loader_path/Frameworks";
				PRODUCT_NAME = "$(TARGET_NAME)";
				TEST_HOST = "$(BUILT_PRODUCTS_DIR)/TestEngineerMath.app/TestEngineerMath";
			};
			name = Debug;
		};
		47A29A571B08E3F6000A7C87 /* Release */ = {
			isa = XCBuildConfiguration;
			buildSettings = {
				BUNDLE_LOADER = "$(TEST_HOST)";
				FRAMEWORK_SEARCH_PATHS = (
					"$(SDKROOT)/Developer/Library/Frameworks",
					"$(inherited)",
				);
				INFOPLIST_FILE = TestEngineerMathTests/Info.plist;
				LD_RUNPATH_SEARCH_PATHS = "$(inherited) @executable_path/Frameworks @loader_path/Frameworks";
				PRODUCT_NAME = "$(TARGET_NAME)";
				TEST_HOST = "$(BUILT_PRODUCTS_DIR)/TestEngineerMath.app/TestEngineerMath";
			};
			name = Release;
		};
/* End XCBuildConfiguration section */

/* Begin XCConfigurationList section */
		47A29A2E1B08E3F6000A7C87 /* Build configuration list for PBXProject "TestEngineerMath" */ = {
			isa = XCConfigurationList;
			buildConfigurations = (
				47A29A501B08E3F6000A7C87 /* Debug */,
				47A29A511B08E3F6000A7C87 /* Release */,
			);
			defaultConfigurationIsVisible = 0;
			defaultConfigurationName = Release;
		};
		47A29A521B08E3F6000A7C87 /* Build configuration list for PBXNativeTarget "TestEngineerMath" */ = {
			isa = XCConfigurationList;
			buildConfigurations = (
				47A29A531B08E3F6000A7C87 /* Debug */,
				47A29A541B08E3F6000A7C87 /* Release */,
			);
			defaultConfigurationIsVisible = 0;
			defaultConfigurationName = Release;
		};
		47A29A551B08E3F6000A7C87 /* Build configuration list for PBXNativeTarget "TestEngineerMathTests" */ = {
			isa = XCConfigurationList;
			buildConfigurations = (
				47A29A561B08E3F6000A7C87 /* Debug */,
				47A29A571B08E3F6000A7C87 /* Release */,
			);
			defaultConfigurationIsVisible = 0;
			defaultConfigurationName = Release;
		};
/* End XCConfigurationList section */
	};
	rootObject = 47A29A2B1B08E3F6000A7C87 /* Project object */;
}
